
Microsoft Visual Studio Solution File, Format Version 12.00
# Visual Studio Version 16
VisualStudioVersion = 16.0.30804.86
MinimumVisualStudioVersion = 10.0.40219.1
Project("{FAE04EC0-301F-11D3-BF4B-00C04F79EFBC}") = "TicTacToe", "TicTacToe\TicTacToe.csproj", "{ED8155E3-8BE8-4413-A77D-694BCD223815}"
EndProject
Global
	GlobalSection(SolutionConfigurationPlatforms) = preSolution
		Debug|Any CPU = Debug|Any CPU
		Release|Any CPU = Release|Any CPU
	EndGlobalSection
	GlobalSection(ProjectConfigurationPlatforms) = postSolution
		{ED8155E3-8BE8-4413-A77D-694BCD223815}.Debug|Any CPU.ActiveCfg = Debug|Any CPU
		{ED8155E3-8BE8-4413-A77D-694BCD223815}.Debug|Any CPU.Build.0 = Debug|Any CPU
		{ED8155E3-8BE8-4413-A77D-694BCD223815}.Release|Any CPU.ActiveCfg = Release|Any CPU
		{ED8155E3-8BE8-4413-A77D-694BCD223815}.Release|Any CPU.Build.0 = Release|Any CPU
	EndGlobalSection
	GlobalSection(SolutionProperties) = preSolution
		HideSolutionNode = FALSE
	EndGlobalSection
	GlobalSection(ExtensibilityGlobals) = postSolution
		SolutionGuid = {3A3E9CCE-F745-4E67-942C-76BE0C3D6EC7}
	EndGlobalSection
EndGlobal
